
Microsoft Visual Studio Solution File, Format Version 12.00
# Visual Studio Version 16
VisualStudioVersion = 16.0.31205.134
MinimumVisualStudioVersion = 10.0.40219.1
Project("{FAE04EC0-301F-11D3-BF4B-00C04F79EFBC}") = "GreenSlate_Challenge", "GreenSlate_Challenge\GreenSlate_Challenge.csproj", "{D027424E-E5A2-416C-8E95-48ECE871B42F}"
EndProject
Global
	GlobalSection(SolutionConfigurationPlatforms) = preSolution
		Debug|Any CPU = Debug|Any CPU
		Release|Any CPU = Release|Any CPU
	EndGlobalSection
	GlobalSection(ProjectConfigurationPlatforms) = postSolution
		{D027424E-E5A2-416C-8E95-48ECE871B42F}.Debug|Any CPU.ActiveCfg = Debug|Any CPU
		{D027424E-E5A2-416C-8E95-48ECE871B42F}.Debug|Any CPU.Build.0 = Debug|Any CPU
		{D027424E-E5A2-416C-8E95-48ECE871B42F}.Release|Any CPU.ActiveCfg = Release|Any CPU
		{D027424E-E5A2-416C-8E95-48ECE871B42F}.Release|Any CPU.Build.0 = Release|Any CPU
	EndGlobalSection
	GlobalSection(SolutionProperties) = preSolution
		HideSolutionNode = FALSE
	EndGlobalSection
	GlobalSection(ExtensibilityGlobals) = postSolution
		SolutionGuid = {769AC3E6-C769-4049-A2BE-8D3D8EFD28ED}
	EndGlobalSection
EndGlobal
